// !$*UTF8*$!
{
	archiveVersion = 1;
	classes = {
	};
	objectVersion = 46;
	objects = {

/* Begin PBXBuildFile section */
		2D2DFB0F1CACC782001C7004 /* AppDelegate.swift in Sources */ = {isa = PBXBuildFile; fileRef = 2D2DFB0E1CACC782001C7004 /* AppDelegate.swift */; };
		2D2DFB111CACC782001C7004 /* ViewController.swift in Sources */ = {isa = PBXBuildFile; fileRef = 2D2DFB101CACC782001C7004 /* ViewController.swift */; };
		2D2DFB141CACC782001C7004 /* Main.storyboard in Resources */ = {isa = PBXBuildFile; fileRef = 2D2DFB121CACC782001C7004 /* Main.storyboard */; };
		2D2DFB171CACC782001C7004 /* coordinateConvertRealPlace.xcdatamodeld in Sources */ = {isa = PBXBuildFile; fileRef = 2D2DFB151CACC782001C7004 /* coordinateConvertRealPlace.xcdatamodeld */; };
		2D2DFB191CACC782001C7004 /* Assets.xcassets in Resources */ = {isa = PBXBuildFile; fileRef = 2D2DFB181CACC782001C7004 /* Assets.xcassets */; };
		2D2DFB1C1CACC782001C7004 /* LaunchScreen.storyboard in Resources */ = {isa = PBXBuildFile; fileRef = 2D2DFB1A1CACC782001C7004 /* LaunchScreen.storyboard */; };
		2D2DFB271CACC782001C7004 /* coordinateConvertRealPlaceTests.swift in Sources */ = {isa = PBXBuildFile; fileRef = 2D2DFB261CACC782001C7004 /* coordinateConvertRealPlaceTests.swift */; };
		2D2DFB321CACC782001C7004 /* coordinateConvertRealPlaceUITests.swift in Sources */ = {isa = PBXBuildFile; fileRef = 2D2DFB311CACC782001C7004 /* coordinateConvertRealPlaceUITests.swift */; };
/* End PBXBuildFile section */

/* Begin PBXContainerItemProxy section */
		2D2DFB231CACC782001C7004 /* PBXContainerItemProxy */ = {
			isa = PBXContainerItemProxy;
			containerPortal = 2D2DFB031CACC782001C7004 /* Project object */;
			proxyType = 1;
			remoteGlobalIDString = 2D2DFB0A1CACC782001C7004;
			remoteInfo = coordinateConvertRealPlace;
		};
		2D2DFB2E1CACC782001C7004 /* PBXContainerItemProxy */ = {
			isa = PBXContainerItemProxy;
			containerPortal = 2D2DFB031CACC782001C7004 /* Project object */;
			proxyType = 1;
			remoteGlobalIDString = 2D2DFB0A1CACC782001C7004;
			remoteInfo = coordinateConvertRealPlace;
		};
/* End PBXContainerItemProxy section */

/* Begin PBXFileReference section */
		2D2DFB0B1CACC782001C7004 /* coordinateConvertRealPlace.app */ = {isa = PBXFileReference; explicitFileType = wrapper.application; includeInIndex = 0; path = coordinateConvertRealPlace.app; sourceTree = BUILT_PRODUCTS_DIR; };
		2D2DFB0E1CACC782001C7004 /* AppDelegate.swift */ = {isa = PBXFileReference; lastKnownFileType = sourcecode.swift; path = AppDelegate.swift; sourceTree = "<group>"; };
		2D2DFB101CACC782001C7004 /* ViewController.swift */ = {isa = PBXFileReference; lastKnownFileType = sourcecode.swift; path = ViewController.swift; sourceTree = "<group>"; };
		2D2DFB131CACC782001C7004 /* Base */ = {isa = PBXFileReference; lastKnownFileType = file.storyboard; name = Base; path = Base.lproj/Main.storyboard; sourceTree = "<group>"; };
		2D2DFB161CACC782001C7004 /* coordinateConvertRealPlace.xcdatamodel */ = {isa = PBXFileReference; lastKnownFileType = wrapper.xcdatamodel; path = coordinateConvertRealPlace.xcdatamodel; sourceTree = "<group>"; };
		2D2DFB181CACC782001C7004 /* Assets.xcassets */ = {isa = PBXFileReference; lastKnownFileType = folder.assetcatalog; path = Assets.xcassets; sourceTree = "<group>"; };
		2D2DFB1B1CACC782001C7004 /* Base */ = {isa = PBXFileReference; lastKnownFileType = file.storyboard; name = Base; path = Base.lproj/LaunchScreen.storyboard; sourceTree = "<group>"; };
		2D2DFB1D1CACC782001C7004 /* Info.plist */ = {isa = PBXFileReference; lastKnownFileType = text.plist.xml; path = Info.plist; sourceTree = "<group>"; };
		2D2DFB221CACC782001C7004 /* coordinateConvertRealPlaceTests.xctest */ = {isa = PBXFileReference; explicitFileType = wrapper.cfbundle; includeInIndex = 0; path = coordinateConvertRealPlaceTests.xctest; sourceTree = BUILT_PRODUCTS_DIR; };
		2D2DFB261CACC782001C7004 /* coordinateConvertRealPlaceTests.swift */ = {isa = PBXFileReference; lastKnownFileType = sourcecode.swift; path = coordinateConvertRealPlaceTests.swift; sourceTree = "<group>"; };
		2D2DFB281CACC782001C7004 /* Info.plist */ = {isa = PBXFileReference; lastKnownFileType = text.plist.xml; path = Info.plist; sourceTree = "<group>"; };
		2D2DFB2D1CACC782001C7004 /* coordinateConvertRealPlaceUITests.xctest */ = {isa = PBXFileReference; explicitFileType = wrapper.cfbundle; includeInIndex = 0; path = coordinateConvertRealPlaceUITests.xctest; sourceTree = BUILT_PRODUCTS_DIR; };
		2D2DFB311CACC782001C7004 /* coordinateConvertRealPlaceUITests.swift */ = {isa = PBXFileReference; lastKnownFileType = sourcecode.swift; path = coordinateConvertRealPlaceUITests.swift; sourceTree = "<group>"; };
		2D2DFB331CACC782001C7004 /* Info.plist */ = {isa = PBXFileReference; lastKnownFileType = text.plist.xml; path = Info.plist; sourceTree = "<group>"; };
/* End PBXFileReference section */

/* Begin PBXFrameworksBuildPhase section */
		2D2DFB081CACC782001C7004 /* Frameworks */ = {
			isa = PBXFrameworksBuildPhase;
			buildActionMask = 2147483647;
			files = (
			);
			runOnlyForDeploymentPostprocessing = 0;
		};
		2D2DFB1F1CACC782001C7004 /* Frameworks */ = {
			isa = PBXFrameworksBuildPhase;
			buildActionMask = 2147483647;
			files = (
			);
			runOnlyForDeploymentPostprocessing = 0;
		};
		2D2DFB2A1CACC782001C7004 /* Frameworks */ = {
			isa = PBXFrameworksBuildPhase;
			buildActionMask = 2147483647;
			files = (
			);
			runOnlyForDeploymentPostprocessing = 0;
		};
/* End PBXFrameworksBuildPhase section */

/* Begin PBXGroup section */
		2D2DFB021CACC782001C7004 = {
			isa = PBXGroup;
			children = (
				2D2DFB0D1CACC782001C7004 /* coordinateConvertRealPlace */,
				2D2DFB251CACC782001C7004 /* coordinateConvertRealPlaceTests */,
				2D2DFB301CACC782001C7004 /* coordinateConvertRealPlaceUITests */,
				2D2DFB0C1CACC782001C7004 /* Products */,
			);
			sourceTree = "<group>";
		};
		2D2DFB0C1CACC782001C7004 /* Products */ = {
			isa = PBXGroup;
			children = (
				2D2DFB0B1CACC782001C7004 /* coordinateConvertRealPlace.app */,
				2D2DFB221CACC782001C7004 /* coordinateConvertRealPlaceTests.xctest */,
				2D2DFB2D1CACC782001C7004 /* coordinateConvertRealPlaceUITests.xctest */,
			);
			name = Products;
			sourceTree = "<group>";
		};
		2D2DFB0D1CACC782001C7004 /* coordinateConvertRealPlace */ = {
			isa = PBXGroup;
			children = (
				2D2DFB0E1CACC782001C7004 /* AppDelegate.swift */,
				2D2DFB101CACC782001C7004 /* ViewController.swift */,
				2D2DFB121CACC782001C7004 /* Main.storyboard */,
				2D2DFB181CACC782001C7004 /* Assets.xcassets */,
				2D2DFB1A1CACC782001C7004 /* LaunchScreen.storyboard */,
				2D2DFB1D1CACC782001C7004 /* Info.plist */,
				2D2DFB151CACC782001C7004 /* coordinateConvertRealPlace.xcdatamodeld */,
			);
			path = coordinateConvertRealPlace;
			sourceTree = "<group>";
		};
		2D2DFB251CACC782001C7004 /* coordinateConvertRealPlaceTests */ = {
			isa = PBXGroup;
			children = (
				2D2DFB261CACC782001C7004 /* coordinateConvertRealPlaceTests.swift */,
				2D2DFB281CACC782001C7004 /* Info.plist */,
			);
			path = coordinateConvertRealPlaceTests;
			sourceTree = "<group>";
		};
		2D2DFB301CACC782001C7004 /* coordinateConvertRealPlaceUITests */ = {
			isa = PBXGroup;
			children = (
				2D2DFB311CACC782001C7004 /* coordinateConvertRealPlaceUITests.swift */,
				2D2DFB331CACC782001C7004 /* Info.plist */,
			);
			path = coordinateConvertRealPlaceUITests;
			sourceTree = "<group>";
		};
/* End PBXGroup section */

/* Begin PBXNativeTarget section */
		2D2DFB0A1CACC782001C7004 /* coordinateConvertRealPlace */ = {
			isa = PBXNativeTarget;
			buildConfigurationList = 2D2DFB361CACC782001C7004 /* Build configuration list for PBXNativeTarget "coordinateConvertRealPlace" */;
			buildPhases = (
				2D2DFB071CACC782001C7004 /* Sources */,
				2D2DFB081CACC782001C7004 /* Frameworks */,
				2D2DFB091CACC782001C7004 /* Resources */,
			);
			buildRules = (
			);
			dependencies = (
			);
			name = coordinateConvertRealPlace;
			productName = coordinateConvertRealPlace;
			productReference = 2D2DFB0B1CACC782001C7004 /* coordinateConvertRealPlace.app */;
			productType = "com.apple.product-type.application";
		};
		2D2DFB211CACC782001C7004 /* coordinateConvertRealPlaceTests */ = {
			isa = PBXNativeTarget;
			buildConfigurationList = 2D2DFB391CACC782001C7004 /* Build configuration list for PBXNativeTarget "coordinateConvertRealPlaceTests" */;
			buildPhases = (
				2D2DFB1E1CACC782001C7004 /* Sources */,
				2D2DFB1F1CACC782001C7004 /* Frameworks */,
				2D2DFB201CACC782001C7004 /* Resources */,
			);
			buildRules = (
			);
			dependencies = (
				2D2DFB241CACC782001C7004 /* PBXTargetDependency */,
			);
			name = coordinateConvertRealPlaceTests;
			productName = coordinateConvertRealPlaceTests;
			productReference = 2D2DFB221CACC782001C7004 /* coordinateConvertRealPlaceTests.xctest */;
			productType = "com.apple.product-type.bundle.unit-test";
		};
		2D2DFB2C1CACC782001C7004 /* coordinateConvertRealPlaceUITests */ = {
			isa = PBXNativeTarget;
			buildConfigurationList = 2D2DFB3C1CACC782001C7004 /* Build configuration list for PBXNativeTarget "coordinateConvertRealPlaceUITests" */;
			buildPhases = (
				2D2DFB291CACC782001C7004 /* Sources */,
				2D2DFB2A1CACC782001C7004 /* Frameworks */,
				2D2DFB2B1CACC782001C7004 /* Resources */,
			);
			buildRules = (
			);
			dependencies = (
				2D2DFB2F1CACC782001C7004 /* PBXTargetDependency */,
			);
			name = coordinateConvertRealPlaceUITests;
			productName = coordinateConvertRealPlaceUITests;
			productReference = 2D2DFB2D1CACC782001C7004 /* coordinateConvertRealPlaceUITests.xctest */;
			productType = "com.apple.product-type.bundle.ui-testing";
		};
/* End PBXNativeTarget section */

/* Begin PBXProject section */
		2D2DFB031CACC782001C7004 /* Project object */ = {
			isa = PBXProject;
			attributes = {
				LastSwiftUpdateCheck = 0730;
				LastUpgradeCheck = 0730;
				ORGANIZATIONNAME = "凉鱼";
				TargetAttributes = {
					2D2DFB0A1CACC782001C7004 = {
						CreatedOnToolsVersion = 7.3;
					};
					2D2DFB211CACC782001C7004 = {
						CreatedOnToolsVersion = 7.3;
						TestTargetID = 2D2DFB0A1CACC782001C7004;
					};
					2D2DFB2C1CACC782001C7004 = {
						CreatedOnToolsVersion = 7.3;
						TestTargetID = 2D2DFB0A1CACC782001C7004;
					};
				};
			};
			buildConfigurationList = 2D2DFB061CACC782001C7004 /* Build configuration list for PBXProject "coordinateConvertRealPlace" */;
			compatibilityVersion = "Xcode 3.2";
			developmentRegion = English;
			hasScannedForEncodings = 0;
			knownRegions = (
				en,
				Base,
			);
			mainGroup = 2D2DFB021CACC782001C7004;
			productRefGroup = 2D2DFB0C1CACC782001C7004 /* Products */;
			projectDirPath = "";
			projectRoot = "";
			targets = (
				2D2DFB0A1CACC782001C7004 /* coordinateConvertRealPlace */,
				2D2DFB211CACC782001C7004 /* coordinateConvertRealPlaceTests */,
				2D2DFB2C1CACC782001C7004 /* coordinateConvertRealPlaceUITests */,
			);
		};
/* End PBXProject section */

/* Begin PBXResourcesBuildPhase section */
		2D2DFB091CACC782001C7004 /* Resources */ = {
			isa = PBXResourcesBuildPhase;
			buildActionMask = 2147483647;
			files = (
				2D2DFB1C1CACC782001C7004 /* LaunchScreen.storyboard in Resources */,
				2D2DFB191CACC782001C7004 /* Assets.xcassets in Resources */,
				2D2DFB141CACC782001C7004 /* Main.storyboard in Resources */,
			);
			runOnlyForDeploymentPostprocessing = 0;
		};
		2D2DFB201CACC782001C7004 /* Resources */ = {
			isa = PBXResourcesBuildPhase;
			buildActionMask = 2147483647;
			files = (
			);
			runOnlyForDeploymentPostprocessing = 0;
		};
		2D2DFB2B1CACC782001C7004 /* Resources */ = {
			isa = PBXResourcesBuildPhase;
			buildActionMask = 2147483647;
			files = (
			);
			runOnlyForDeploymentPostprocessing = 0;
		};
/* End PBXResourcesBuildPhase section */

/* Begin PBXSourcesBuildPhase section */
		2D2DFB071CACC782001C7004 /* Sources */ = {
			isa = PBXSourcesBuildPhase;
			buildActionMask = 2147483647;
			files = (
				2D2DFB171CACC782001C7004 /* coordinateConvertRealPlace.xcdatamodeld in Sources */,
				2D2DFB111CACC782001C7004 /* ViewController.swift in Sources */,
				2D2DFB0F1CACC782001C7004 /* AppDelegate.swift in Sources */,
			);
			runOnlyForDeploymentPostprocessing = 0;
		};
		2D2DFB1E1CACC782001C7004 /* Sources */ = {
			isa = PBXSourcesBuildPhase;
			buildActionMask = 2147483647;
			files = (
				2D2DFB271CACC782001C7004 /* coordinateConvertRealPlaceTests.swift in Sources */,
			);
			runOnlyForDeploymentPostprocessing = 0;
		};
		2D2DFB291CACC782001C7004 /* Sources */ = {
			isa = PBXSourcesBuildPhase;
			buildActionMask = 2147483647;
			files = (
				2D2DFB321CACC782001C7004 /* coordinateConvertRealPlaceUITests.swift in Sources */,
			);
			runOnlyForDeploymentPostprocessing = 0;
		};
/* End PBXSourcesBuildPhase section */

/* Begin PBXTargetDependency section */
		2D2DFB241CACC782001C7004 /* PBXTargetDependency */ = {
			isa = PBXTargetDependency;
			target = 2D2DFB0A1CACC782001C7004 /* coordinateConvertRealPlace */;
			targetProxy = 2D2DFB231CACC782001C7004 /* PBXContainerItemProxy */;
		};
		2D2DFB2F1CACC782001C7004 /* PBXTargetDependency */ = {
			isa = PBXTargetDependency;
			target = 2D2DFB0A1CACC782001C7004 /* coordinateConvertRealPlace */;
			targetProxy = 2D2DFB2E1CACC782001C7004 /* PBXContainerItemProxy */;
		};
/* End PBXTargetDependency section */

/* Begin PBXVariantGroup section */
		2D2DFB121CACC782001C7004 /* Main.storyboard */ = {
			isa = PBXVariantGroup;
			children = (
				2D2DFB131CACC782001C7004 /* Base */,
			);
			name = Main.storyboard;
			sourceTree = "<group>";
		};
		2D2DFB1A1CACC782001C7004 /* LaunchScreen.storyboard */ = {
			isa = PBXVariantGroup;
			children = (
				2D2DFB1B1CACC782001C7004 /* Base */,
			);
			name = LaunchScreen.storyboard;
			sourceTree = "<group>";
		};
/* End PBXVariantGroup section */

/* Begin XCBuildConfiguration section */
		2D2DFB341CACC782001C7004 /* Debug */ = {
			isa = XCBuildConfiguration;
			buildSettings = {
				ALWAYS_SEARCH_USER_PATHS = NO;
				CLANG_ANALYZER_NONNULL = YES;
				CLANG_CXX_LANGUAGE_STANDARD = "gnu++0x";
				CLANG_CXX_LIBRARY = "libc++";
				CLANG_ENABLE_MODULES = YES;
				CLANG_ENABLE_OBJC_ARC = YES;
				CLANG_WARN_BOOL_CONVERSION = YES;
				CLANG_WARN_CONSTANT_CONVERSION = YES;
				CLANG_WARN_DIRECT_OBJC_ISA_USAGE = YES_ERROR;
				CLANG_WARN_EMPTY_BODY = YES;
				CLANG_WARN_ENUM_CONVERSION = YES;
				CLANG_WARN_INT_CONVERSION = YES;
				CLANG_WARN_OBJC_ROOT_CLASS = YES_ERROR;
				CLANG_WARN_UNREACHABLE_CODE = YES;
				CLANG_WARN__DUPLICATE_METHOD_MATCH = YES;
				"CODE_SIGN_IDENTITY[sdk=iphoneos*]" = "iPhone Developer";
				COPY_PHASE_STRIP = NO;
				DEBUG_INFORMATION_FORMAT = dwarf;
				ENABLE_STRICT_OBJC_MSGSEND = YES;
				ENABLE_TESTABILITY = YES;
				GCC_C_LANGUAGE_STANDARD = gnu99;
				GCC_DYNAMIC_NO_PIC = NO;
				GCC_NO_COMMON_BLOCKS = YES;
				GCC_OPTIMIZATION_LEVEL = 0;
				GCC_PREPROCESSOR_DEFINITIONS = (
					"DEBUG=1",
					"$(inherited)",
				);
				GCC_WARN_64_TO_32_BIT_CONVERSION = YES;
				GCC_WARN_ABOUT_RETURN_TYPE = YES_ERROR;
				GCC_WARN_UNDECLARED_SELECTOR = YES;
				GCC_WARN_UNINITIALIZED_AUTOS = YES_AGGRESSIVE;
				GCC_WARN_UNUSED_FUNCTION = YES;
				GCC_WARN_UNUSED_VARIABLE = YES;
				IPHONEOS_DEPLOYMENT_TARGET = 9.3;
				MTL_ENABLE_DEBUG_INFO = YES;
				ONLY_ACTIVE_ARCH = YES;
				SDKROOT = iphoneos;
				SWIFT_OPTIMIZATION_LEVEL = "-Onone";
			};
			name = Debug;
		};
		2D2DFB351CACC782001C7004 /* Release */ = {
			isa = XCBuildConfiguration;
			buildSettings = {
				ALWAYS_SEARCH_USER_PATHS = NO;
				CLANG_ANALYZER_NONNULL = YES;
				CLANG_CXX_LANGUAGE_STANDARD = "gnu++0x";
				CLANG_CXX_LIBRARY = "libc++";
				CLANG_ENABLE_MODULES = YES;
				CLANG_ENABLE_OBJC_ARC = YES;
				CLANG_WARN_BOOL_CONVERSION = YES;
				CLANG_WARN_CONSTANT_CONVERSION = YES;
				CLANG_WARN_DIRECT_OBJC_ISA_USAGE = YES_ERROR;
				CLANG_WARN_EMPTY_BODY = YES;
				CLANG_WARN_ENUM_CONVERSION = YES;
				CLANG_WARN_INT_CONVERSION = YES;
				CLANG_WARN_OBJC_ROOT_CLASS = YES_ERROR;
				CLANG_WARN_UNREACHABLE_CODE = YES;
				CLANG_WARN__DUPLICATE_METHOD_MATCH = YES;
				"CODE_SIGN_IDENTITY[sdk=iphoneos*]" = "iPhone Developer";
				COPY_PHASE_STRIP = NO;
				DEBUG_INFORMATION_FORMAT = "dwarf-with-dsym";
				ENABLE_NS_ASSERTIONS = NO;
				ENABLE_STRICT_OBJC_MSGSEND = YES;
				GCC_C_LANGUAGE_STANDARD = gnu99;
				GCC_NO_COMMON_BLOCKS = YES;
				GCC_WARN_64_TO_32_BIT_CONVERSION = YES;
				GCC_WARN_ABOUT_RETURN_TYPE = YES_ERROR;
				GCC_WARN_UNDECLARED_SELECTOR = YES;
				GCC_WARN_UNINITIALIZED_AUTOS = YES_AGGRESSIVE;
				GCC_WARN_UNUSED_FUNCTION = YES;
				GCC_WARN_UNUSED_VARIABLE = YES;
				IPHONEOS_DEPLOYMENT_TARGET = 9.3;
				MTL_ENABLE_DEBUG_INFO = NO;
				SDKROOT = iphoneos;
				VALIDATE_PRODUCT = YES;
			};
			name = Release;
		};
		2D2DFB371CACC782001C7004 /* Debug */ = {
			isa = XCBuildConfiguration;
			buildSettings = {
				ASSETCATALOG_COMPILER_APPICON_NAME = AppIcon;
				INFOPLIST_FILE = coordinateConvertRealPlace/Info.plist;
				LD_RUNPATH_SEARCH_PATHS = "$(inherited) @executable_path/Frameworks";
				PRODUCT_BUNDLE_IDENTIFIER = liangyu.coordinateConvertRealPlace;
				PRODUCT_NAME = "$(TARGET_NAME)";
			};
			name = Debug;
		};
		2D2DFB381CACC782001C7004 /* Release */ = {
			isa = XCBuildConfiguration;
			buildSettings = {
				ASSETCATALOG_COMPILER_APPICON_NAME = AppIcon;
				INFOPLIST_FILE = coordinateConvertRealPlace/Info.plist;
				LD_RUNPATH_SEARCH_PATHS = "$(inherited) @executable_path/Frameworks";
				PRODUCT_BUNDLE_IDENTIFIER = liangyu.coordinateConvertRealPlace;
				PRODUCT_NAME = "$(TARGET_NAME)";
			};
			name = Release;
		};
		2D2DFB3A1CACC782001C7004 /* Debug */ = {
			isa = XCBuildConfiguration;
			buildSettings = {
				BUNDLE_LOADER = "$(TEST_HOST)";
				INFOPLIST_FILE = coordinateConvertRealPlaceTests/Info.plist;
				LD_RUNPATH_SEARCH_PATHS = "$(inherited) @executable_path/Frameworks @loader_path/Frameworks";
				PRODUCT_BUNDLE_IDENTIFIER = liangyu.coordinateConvertRealPlaceTests;
				PRODUCT_NAME = "$(TARGET_NAME)";
				TEST_HOST = "$(BUILT_PRODUCTS_DIR)/coordinateConvertRealPlace.app/coordinateConvertRealPlace";
			};
			name = Debug;
		};
		2D2DFB3B1CACC782001C7004 /* Release */ = {
			isa = XCBuildConfiguration;
			buildSettings = {
				BUNDLE_LOADER = "$(TEST_HOST)";
				INFOPLIST_FILE = coordinateConvertRealPlaceTests/Info.plist;
				LD_RUNPATH_SEARCH_PATHS = "$(inherited) @executable_path/Frameworks @loader_path/Frameworks";
				PRODUCT_BUNDLE_IDENTIFIER = liangyu.coordinateConvertRealPlaceTests;
				PRODUCT_NAME = "$(TARGET_NAME)";
				TEST_HOST = "$(BUILT_PRODUCTS_DIR)/coordinateConvertRealPlace.app/coordinateConvertRealPlace";
			};
			name = Release;
		};
		2D2DFB3D1CACC782001C7004 /* Debug */ = {
			isa = XCBuildConfiguration;
			buildSettings = {
				INFOPLIST_FILE = coordinateConvertRealPlaceUITests/Info.plist;
				LD_RUNPATH_SEARCH_PATHS = "$(inherited) @executable_path/Frameworks @loader_path/Frameworks";
				PRODUCT_BUNDLE_IDENTIFIER = liangyu.coordinateConvertRealPlaceUITests;
				PRODUCT_NAME = "$(TARGET_NAME)";
				TEST_TARGET_NAME = coordinateConvertRealPlace;
			};
			name = Debug;
		};
		2D2DFB3E1CACC782001C7004 /* Release */ = {
			isa = XCBuildConfiguration;
			buildSettings = {
				INFOPLIST_FILE = coordinateConvertRealPlaceUITests/Info.plist;
				LD_RUNPATH_SEARCH_PATHS = "$(inherited) @executable_path/Frameworks @loader_path/Frameworks";
				PRODUCT_BUNDLE_IDENTIFIER = liangyu.coordinateConvertRealPlaceUITests;
				PRODUCT_NAME = "$(TARGET_NAME)";
				TEST_TARGET_NAME = coordinateConvertRealPlace;
			};
			name = Release;
		};
/* End XCBuildConfiguration section */

/* Begin XCConfigurationList section */
		2D2DFB061CACC782001C7004 /* Build configuration list for PBXProject "coordinateConvertRealPlace" */ = {
			isa = XCConfigurationList;
			buildConfigurations = (
				2D2DFB341CACC782001C7004 /* Debug */,
				2D2DFB351CACC782001C7004 /* Release */,
			);
			defaultConfigurationIsVisible = 0;
			defaultConfigurationName = Release;
		};
		2D2DFB361CACC782001C7004 /* Build configuration list for PBXNativeTarget "coordinateConvertRealPlace" */ = {
			isa = XCConfigurationList;
			buildConfigurations = (
				2D2DFB371CACC782001C7004 /* Debug */,
				2D2DFB381CACC782001C7004 /* Release */,
			);
			defaultConfigurationIsVisible = 0;
		};
		2D2DFB391CACC782001C7004 /* Build configuration list for PBXNativeTarget "coordinateConvertRealPlaceTests" */ = {
			isa = XCConfigurationList;
			buildConfigurations = (
				2D2DFB3A1CACC782001C7004 /* Debug */,
				2D2DFB3B1CACC782001C7004 /* Release */,
			);
			defaultConfigurationIsVisible = 0;
		};
		2D2DFB3C1CACC782001C7004 /* Build configuration list for PBXNativeTarget "coordinateConvertRealPlaceUITests" */ = {
			isa = XCConfigurationList;
			buildConfigurations = (
				2D2DFB3D1CACC782001C7004 /* Debug */,
				2D2DFB3E1CACC782001C7004 /* Release */,
			);
			defaultConfigurationIsVisible = 0;
		};
/* End XCConfigurationList section */

/* Begin XCVersionGroup section */
		2D2DFB151CACC782001C7004 /* coordinateConvertRealPlace.xcdatamodeld */ = {
			isa = XCVersionGroup;
			children = (
				2D2DFB161CACC782001C7004 /* coordinateConvertRealPlace.xcdatamodel */,
			);
			currentVersion = 2D2DFB161CACC782001C7004 /* coordinateConvertRealPlace.xcdatamodel */;
			path = coordinateConvertRealPlace.xcdatamodeld;
			sourceTree = "<group>";
			versionGroupType = wrapper.xcdatamodel;
		};
/* End XCVersionGroup section */
	};
	rootObject = 2D2DFB031CACC782001C7004 /* Project object */;
}
